
Microsoft Visual Studio Solution File, Format Version 12.00
# Visual Studio Version 17
VisualStudioVersion = 17.5.002.0
MinimumVisualStudioVersion = 10.0.40219.1
Project("{2150E333-8FDC-42A3-9474-1A3956D46DE8}") = "cse210", "cse210", "{90A69AF5-C9A4-4D27-9320-3F7A4771A55A}"
EndProject
Project("{2150E333-8FDC-42A3-9474-1A3956D46DE8}") = "csharp-prep", "csharp-prep", "{8682CD52-7018-4067-8E24-C5D87CB74559}"
EndProject
Project("{9A19103F-16F7-4668-BE54-9A1E7A4F7556}") = "Prep1", "cse210\csharp-prep\Prep1\Prep1.csproj", "{835A5D97-AA46-4E4A-98D2-F04601B33349}"
EndProject
Project("{9A19103F-16F7-4668-BE54-9A1E7A4F7556}") = "Prep2", "cse210\csharp-prep\Prep2\Prep2.csproj", "{7C4CD762-A7C0-47DB-8BAB-80C398DCD71A}"
EndProject
Project("{9A19103F-16F7-4668-BE54-9A1E7A4F7556}") = "Prep3", "cse210\csharp-prep\Prep3\Prep3.csproj", "{C1221F33-3696-4AB2-A313-D60D4191E211}"
EndProject
Project("{9A19103F-16F7-4668-BE54-9A1E7A4F7556}") = "Prep4", "cse210\csharp-prep\Prep4\Prep4.csproj", "{EE43C549-B7CC-4172-B32D-0467F19E08A9}"
EndProject
Project("{9A19103F-16F7-4668-BE54-9A1E7A4F7556}") = "Prep5", "cse210\csharp-prep\Prep5\Prep5.csproj", "{178CE5D5-B542-42EC-BDB5-8E1A2BFE9DB6}"
EndProject
Project("{2150E333-8FDC-42A3-9474-1A3956D46DE8}") = "final", "final", "{2241EE4E-19BA-4729-B60A-27EA2BA08639}"
EndProject
Project("{9A19103F-16F7-4668-BE54-9A1E7A4F7556}") = "FinalProject", "cse210\final\FinalProject\FinalProject.csproj", "{22689036-B4CD-47C5-8092-A2F110967D34}"
EndProject
Project("{9A19103F-16F7-4668-BE54-9A1E7A4F7556}") = "Foundation1", "cse210\final\Foundation1\Foundation1.csproj", "{CD8F5432-7683-4C4D-BBD5-F4256E325D41}"
EndProject
Project("{9A19103F-16F7-4668-BE54-9A1E7A4F7556}") = "Foundation2", "cse210\final\Foundation2\Foundation2.csproj", "{4C119CA1-23E1-4C86-83D1-8F7B90C54EAC}"
EndProject
Project("{9A19103F-16F7-4668-BE54-9A1E7A4F7556}") = "Foundation3", "cse210\final\Foundation3\Foundation3.csproj", "{0CFC39D5-78CF-4F81-9A70-D7508140455B}"
EndProject
Project("{9A19103F-16F7-4668-BE54-9A1E7A4F7556}") = "Foundation4", "cse210\final\Foundation4\Foundation4.csproj", "{67DA821C-82E6-426C-AB28-E6B68E38FC5E}"
EndProject
Project("{2150E333-8FDC-42A3-9474-1A3956D46DE8}") = "prepare", "prepare", "{3B2A4C02-0F7A-4BAF-AF16-2BF5B4639C3F}"
EndProject
Project("{9A19103F-16F7-4668-BE54-9A1E7A4F7556}") = "Learning02", "cse210\prepare\Learning02\Learning02.csproj", "{5EA6EEDA-0A12-4B83-91A2-8035A341441A}"
EndProject
Project("{9A19103F-16F7-4668-BE54-9A1E7A4F7556}") = "Learning03", "cse210\prepare\Learning03\Learning03.csproj", "{4A90023E-3C22-4C43-A3C6-A63E4241EE02}"
EndProject
Project("{9A19103F-16F7-4668-BE54-9A1E7A4F7556}") = "Learning04", "cse210\prepare\Learning04\Learning04.csproj", "{4E728BD0-E782-4EAF-A1BD-549D48368717}"
EndProject
Project("{9A19103F-16F7-4668-BE54-9A1E7A4F7556}") = "Learning05", "cse210\prepare\Learning05\Learning05.csproj", "{1FFEEAF1-75E6-4A95-A32C-A889C8F9DB85}"
EndProject
Project("{2150E333-8FDC-42A3-9474-1A3956D46DE8}") = "prove", "prove", "{16F3F99F-9FF0-4F5E-B66A-044EA621E75F}"
EndProject
Project("{9A19103F-16F7-4668-BE54-9A1E7A4F7556}") = "Develop02", "cse210\prove\Develop02\Develop02.csproj", "{AAE9C14B-3D04-478C-9CEE-2FD07052C7CE}"
EndProject
Project("{9A19103F-16F7-4668-BE54-9A1E7A4F7556}") = "Develop03", "cse210\prove\Develop03\Develop03.csproj", "{AF8DB068-AE96-40B4-B81D-C53D3E538B90}"
EndProject
Project("{9A19103F-16F7-4668-BE54-9A1E7A4F7556}") = "Develop04", "cse210\prove\Develop04\Develop04.csproj", "{88945A32-4FB4-4EF1-9144-BDFD17CB1911}"
EndProject
Project("{9A19103F-16F7-4668-BE54-9A1E7A4F7556}") = "Develop05", "cse210\prove\Develop05\Develop05.csproj", "{0CAF3AD3-D862-48FB-B2E5-9BCAAFE0210E}"
EndProject
Project("{2150E333-8FDC-42A3-9474-1A3956D46DE8}") = "sandbox", "sandbox", "{9D705372-4370-4159-B480-EC2F03E1B601}"
EndProject
Project("{9A19103F-16F7-4668-BE54-9A1E7A4F7556}") = "Sandbox", "cse210\sandbox\Sandbox\Sandbox.csproj", "{EFC92711-258A-4FCB-AB35-CA533C364ADD}"
EndProject
Global
	GlobalSection(SolutionConfigurationPlatforms) = preSolution
		Debug|Any CPU = Debug|Any CPU
		Release|Any CPU = Release|Any CPU
	EndGlobalSection
	GlobalSection(ProjectConfigurationPlatforms) = postSolution
		{835A5D97-AA46-4E4A-98D2-F04601B33349}.Debug|Any CPU.ActiveCfg = Debug|Any CPU
		{835A5D97-AA46-4E4A-98D2-F04601B33349}.Debug|Any CPU.Build.0 = Debug|Any CPU
		{835A5D97-AA46-4E4A-98D2-F04601B33349}.Release|Any CPU.ActiveCfg = Release|Any CPU
		{835A5D97-AA46-4E4A-98D2-F04601B33349}.Release|Any CPU.Build.0 = Release|Any CPU
		{7C4CD762-A7C0-47DB-8BAB-80C398DCD71A}.Debug|Any CPU.ActiveCfg = Debug|Any CPU
		{7C4CD762-A7C0-47DB-8BAB-80C398DCD71A}.Debug|Any CPU.Build.0 = Debug|Any CPU
		{7C4CD762-A7C0-47DB-8BAB-80C398DCD71A}.Release|Any CPU.ActiveCfg = Release|Any CPU
		{7C4CD762-A7C0-47DB-8BAB-80C398DCD71A}.Release|Any CPU.Build.0 = Release|Any CPU
		{C1221F33-3696-4AB2-A313-D60D4191E211}.Debug|Any CPU.ActiveCfg = Debug|Any CPU
		{C1221F33-3696-4AB2-A313-D60D4191E211}.Debug|Any CPU.Build.0 = Debug|Any CPU
		{C1221F33-3696-4AB2-A313-D60D4191E211}.Release|Any CPU.ActiveCfg = Release|Any CPU
		{C1221F33-3696-4AB2-A313-D60D4191E211}.Release|Any CPU.Build.0 = Release|Any CPU
		{EE43C549-B7CC-4172-B32D-0467F19E08A9}.Debug|Any CPU.ActiveCfg = Debug|Any CPU
		{EE43C549-B7CC-4172-B32D-0467F19E08A9}.Debug|Any CPU.Build.0 = Debug|Any CPU
		{EE43C549-B7CC-4172-B32D-0467F19E08A9}.Release|Any CPU.ActiveCfg = Release|Any CPU
		{EE43C549-B7CC-4172-B32D-0467F19E08A9}.Release|Any CPU.Build.0 = Release|Any CPU
		{178CE5D5-B542-42EC-BDB5-8E1A2BFE9DB6}.Debug|Any CPU.ActiveCfg = Debug|Any CPU
		{178CE5D5-B542-42EC-BDB5-8E1A2BFE9DB6}.Debug|Any CPU.Build.0 = Debug|Any CPU
		{178CE5D5-B542-42EC-BDB5-8E1A2BFE9DB6}.Release|Any CPU.ActiveCfg = Release|Any CPU
		{178CE5D5-B542-42EC-BDB5-8E1A2BFE9DB6}.Release|Any CPU.Build.0 = Release|Any CPU
		{22689036-B4CD-47C5-8092-A2F110967D34}.Debug|Any CPU.ActiveCfg = Debug|Any CPU
		{22689036-B4CD-47C5-8092-A2F110967D34}.Debug|Any CPU.Build.0 = Debug|Any CPU
		{22689036-B4CD-47C5-8092-A2F110967D34}.Release|Any CPU.ActiveCfg = Release|Any CPU
		{22689036-B4CD-47C5-8092-A2F110967D34}.Release|Any CPU.Build.0 = Release|Any CPU
		{CD8F5432-7683-4C4D-BBD5-F4256E325D41}.Debug|Any CPU.ActiveCfg = Debug|Any CPU
		{CD8F5432-7683-4C4D-BBD5-F4256E325D41}.Debug|Any CPU.Build.0 = Debug|Any CPU
		{CD8F5432-7683-4C4D-BBD5-F4256E325D41}.Release|Any CPU.ActiveCfg = Release|Any CPU
		{CD8F5432-7683-4C4D-BBD5-F4256E325D41}.Release|Any CPU.Build.0 = Release|Any CPU
		{4C119CA1-23E1-4C86-83D1-8F7B90C54EAC}.Debug|Any CPU.ActiveCfg = Debug|Any CPU
		{4C119CA1-23E1-4C86-83D1-8F7B90C54EAC}.Debug|Any CPU.Build.0 = Debug|Any CPU
		{4C119CA1-23E1-4C86-83D1-8F7B90C54EAC}.Release|Any CPU.ActiveCfg = Release|Any CPU
		{4C119CA1-23E1-4C86-83D1-8F7B90C54EAC}.Release|Any CPU.Build.0 = Release|Any CPU
		{0CFC39D5-78CF-4F81-9A70-D7508140455B}.Debug|Any CPU.ActiveCfg = Debug|Any CPU
		{0CFC39D5-78CF-4F81-9A70-D7508140455B}.Debug|Any CPU.Build.0 = Debug|Any CPU
		{0CFC39D5-78CF-4F81-9A70-D7508140455B}.Release|Any CPU.ActiveCfg = Release|Any CPU
		{0CFC39D5-78CF-4F81-9A70-D7508140455B}.Release|Any CPU.Build.0 = Release|Any CPU
		{67DA821C-82E6-426C-AB28-E6B68E38FC5E}.Debug|Any CPU.ActiveCfg = Debug|Any CPU
		{67DA821C-82E6-426C-AB28-E6B68E38FC5E}.Debug|Any CPU.Build.0 = Debug|Any CPU
		{67DA821C-82E6-426C-AB28-E6B68E38FC5E}.Release|Any CPU.ActiveCfg = Release|Any CPU
		{67DA821C-82E6-426C-AB28-E6B68E38FC5E}.Release|Any CPU.Build.0 = Release|Any CPU
		{5EA6EEDA-0A12-4B83-91A2-8035A341441A}.Debug|Any CPU.ActiveCfg = Debug|Any CPU
		{5EA6EEDA-0A12-4B83-91A2-8035A341441A}.Debug|Any CPU.Build.0 = Debug|Any CPU
		{5EA6EEDA-0A12-4B83-91A2-8035A341441A}.Release|Any CPU.ActiveCfg = Release|Any CPU
		{5EA6EEDA-0A12-4B83-91A2-8035A341441A}.Release|Any CPU.Build.0 = Release|Any CPU
		{4A90023E-3C22-4C43-A3C6-A63E4241EE02}.Debug|Any CPU.ActiveCfg = Debug|Any CPU
		{4A90023E-3C22-4C43-A3C6-A63E4241EE02}.Debug|Any CPU.Build.0 = Debug|Any CPU
		{4A90023E-3C22-4C43-A3C6-A63E4241EE02}.Release|Any CPU.ActiveCfg = Release|Any CPU
		{4A90023E-3C22-4C43-A3C6-A63E4241EE02}.Release|Any CPU.Build.0 = Release|Any CPU
		{4E728BD0-E782-4EAF-A1BD-549D48368717}.Debug|Any CPU.ActiveCfg = Debug|Any CPU
		{4E728BD0-E782-4EAF-A1BD-549D48368717}.Debug|Any CPU.Build.0 = Debug|Any CPU
		{4E728BD0-E782-4EAF-A1BD-549D48368717}.Release|Any CPU.ActiveCfg = Release|Any CPU
		{4E728BD0-E782-4EAF-A1BD-549D48368717}.Release|Any CPU.Build.0 = Release|Any CPU
		{1FFEEAF1-75E6-4A95-A32C-A889C8F9DB85}.Debug|Any CPU.ActiveCfg = Debug|Any CPU
		{1FFEEAF1-75E6-4A95-A32C-A889C8F9DB85}.Debug|Any CPU.Build.0 = Debug|Any CPU
		{1FFEEAF1-75E6-4A95-A32C-A889C8F9DB85}.Release|Any CPU.ActiveCfg = Release|Any CPU
		{1FFEEAF1-75E6-4A95-A32C-A889C8F9DB85}.Release|Any CPU.Build.0 = Release|Any CPU
		{AAE9C14B-3D04-478C-9CEE-2FD07052C7CE}.Debug|Any CPU.ActiveCfg = Debug|Any CPU
		{AAE9C14B-3D04-478C-9CEE-2FD07052C7CE}.Debug|Any CPU.Build.0 = Debug|Any CPU
		{AAE9C14B-3D04-478C-9CEE-2FD07052C7CE}.Release|Any CPU.ActiveCfg = Release|Any CPU
		{AAE9C14B-3D04-478C-9CEE-2FD07052C7CE}.Release|Any CPU.Build.0 = Release|Any CPU
		{AF8DB068-AE96-40B4-B81D-C53D3E538B90}.Debug|Any CPU.ActiveCfg = Debug|Any CPU
		{AF8DB068-AE96-40B4-B81D-C53D3E538B90}.Debug|Any CPU.Build.0 = Debug|Any CPU
		{AF8DB068-AE96-40B4-B81D-C53D3E538B90}.Release|Any CPU.ActiveCfg = Release|Any CPU
		{AF8DB068-AE96-40B4-B81D-C53D3E538B90}.Release|Any CPU.Build.0 = Release|Any CPU
		{88945A32-4FB4-4EF1-9144-BDFD17CB1911}.Debug|Any CPU.ActiveCfg = Debug|Any CPU
		{88945A32-4FB4-4EF1-9144-BDFD17CB1911}.Debug|Any CPU.Build.0 = Debug|Any CPU
		{88945A32-4FB4-4EF1-9144-BDFD17CB1911}.Release|Any CPU.ActiveCfg = Release|Any CPU
		{88945A32-4FB4-4EF1-9144-BDFD17CB1911}.Release|Any CPU.Build.0 = Release|Any CPU
		{0CAF3AD3-D862-48FB-B2E5-9BCAAFE0210E}.Debug|Any CPU.ActiveCfg = Debug|Any CPU
		{0CAF3AD3-D862-48FB-B2E5-9BCAAFE0210E}.Debug|Any CPU.Build.0 = Debug|Any CPU
		{0CAF3AD3-D862-48FB-B2E5-9BCAAFE0210E}.Release|Any CPU.ActiveCfg = Release|Any CPU
		{0CAF3AD3-D862-48FB-B2E5-9BCAAFE0210E}.Release|Any CPU.Build.0 = Release|Any CPU
		{EFC92711-258A-4FCB-AB35-CA533C364ADD}.Debug|Any CPU.ActiveCfg = Debug|Any CPU
		{EFC92711-258A-4FCB-AB35-CA533C364ADD}.Debug|Any CPU.Build.0 = Debug|Any CPU
		{EFC92711-258A-4FCB-AB35-CA533C364ADD}.Release|Any CPU.ActiveCfg = Release|Any CPU
		{EFC92711-258A-4FCB-AB35-CA533C364ADD}.Release|Any CPU.Build.0 = Release|Any CPU
	EndGlobalSection
	GlobalSection(SolutionProperties) = preSolution
		HideSolutionNode = FALSE
	EndGlobalSection
	GlobalSection(NestedProjects) = preSolution
		{8682CD52-7018-4067-8E24-C5D87CB74559} = {90A69AF5-C9A4-4D27-9320-3F7A4771A55A}
		{835A5D97-AA46-4E4A-98D2-F04601B33349} = {8682CD52-7018-4067-8E24-C5D87CB74559}
		{7C4CD762-A7C0-47DB-8BAB-80C398DCD71A} = {8682CD52-7018-4067-8E24-C5D87CB74559}
		{C1221F33-3696-4AB2-A313-D60D4191E211} = {8682CD52-7018-4067-8E24-C5D87CB74559}
		{EE43C549-B7CC-4172-B32D-0467F19E08A9} = {8682CD52-7018-4067-8E24-C5D87CB74559}
		{178CE5D5-B542-42EC-BDB5-8E1A2BFE9DB6} = {8682CD52-7018-4067-8E24-C5D87CB74559}
		{2241EE4E-19BA-4729-B60A-27EA2BA08639} = {90A69AF5-C9A4-4D27-9320-3F7A4771A55A}
		{22689036-B4CD-47C5-8092-A2F110967D34} = {2241EE4E-19BA-4729-B60A-27EA2BA08639}
		{CD8F5432-7683-4C4D-BBD5-F4256E325D41} = {2241EE4E-19BA-4729-B60A-27EA2BA08639}
		{4C119CA1-23E1-4C86-83D1-8F7B90C54EAC} = {2241EE4E-19BA-4729-B60A-27EA2BA08639}
		{0CFC39D5-78CF-4F81-9A70-D7508140455B} = {2241EE4E-19BA-4729-B60A-27EA2BA08639}
		{67DA821C-82E6-426C-AB28-E6B68E38FC5E} = {2241EE4E-19BA-4729-B60A-27EA2BA08639}
		{3B2A4C02-0F7A-4BAF-AF16-2BF5B4639C3F} = {90A69AF5-C9A4-4D27-9320-3F7A4771A55A}
		{5EA6EEDA-0A12-4B83-91A2-8035A341441A} = {3B2A4C02-0F7A-4BAF-AF16-2BF5B4639C3F}
		{4A90023E-3C22-4C43-A3C6-A63E4241EE02} = {3B2A4C02-0F7A-4BAF-AF16-2BF5B4639C3F}
		{4E728BD0-E782-4EAF-A1BD-549D48368717} = {3B2A4C02-0F7A-4BAF-AF16-2BF5B4639C3F}
		{1FFEEAF1-75E6-4A95-A32C-A889C8F9DB85} = {3B2A4C02-0F7A-4BAF-AF16-2BF5B4639C3F}
		{16F3F99F-9FF0-4F5E-B66A-044EA621E75F} = {90A69AF5-C9A4-4D27-9320-3F7A4771A55A}
		{AAE9C14B-3D04-478C-9CEE-2FD07052C7CE} = {16F3F99F-9FF0-4F5E-B66A-044EA621E75F}
		{AF8DB068-AE96-40B4-B81D-C53D3E538B90} = {16F3F99F-9FF0-4F5E-B66A-044EA621E75F}
		{88945A32-4FB4-4EF1-9144-BDFD17CB1911} = {16F3F99F-9FF0-4F5E-B66A-044EA621E75F}
		{0CAF3AD3-D862-48FB-B2E5-9BCAAFE0210E} = {16F3F99F-9FF0-4F5E-B66A-044EA621E75F}
		{9D705372-4370-4159-B480-EC2F03E1B601} = {90A69AF5-C9A4-4D27-9320-3F7A4771A55A}
		{EFC92711-258A-4FCB-AB35-CA533C364ADD} = {9D705372-4370-4159-B480-EC2F03E1B601}
	EndGlobalSection
	GlobalSection(ExtensibilityGlobals) = postSolution
		SolutionGuid = {39C26906-DF7F-4401-93C8-A4E9719B282F}
	EndGlobalSection
EndGlobal
